
Microsoft Visual Studio Solution File, Format Version 12.00
# Visual Studio 15
VisualStudioVersion = 15.0.27703.2042
MinimumVisualStudioVersion = 10.0.40219.1
Project("{E24C65DC-7377-472B-9ABA-BC803B73C61A}") = "WebserviceACU", "WebserviceACU\", "{D7F5D005-36AB-444B-AD7D-99BD819E7AA7}"
	ProjectSection(WebsiteProperties) = preProject
		TargetFrameworkMoniker = ".NETFramework,Version%3Dv4.0"
		Debug.AspNetCompiler.VirtualPath = "/localhost_58840"
		Debug.AspNetCompiler.PhysicalPath = "WebserviceACU\"
		Debug.AspNetCompiler.TargetPath = "PrecompiledWeb\localhost_58840\"
		Debug.AspNetCompiler.Updateable = "true"
		Debug.AspNetCompiler.ForceOverwrite = "true"
		Debug.AspNetCompiler.FixedNames = "false"
		Debug.AspNetCompiler.Debug = "True"
		Release.AspNetCompiler.VirtualPath = "/localhost_58840"
		Release.AspNetCompiler.PhysicalPath = "WebserviceACU\"
		Release.AspNetCompiler.TargetPath = "PrecompiledWeb\localhost_58840\"
		Release.AspNetCompiler.Updateable = "true"
		Release.AspNetCompiler.ForceOverwrite = "true"
		Release.AspNetCompiler.FixedNames = "false"
		Release.AspNetCompiler.Debug = "False"
		VWDPort = "58840"
		SlnRelativePath = "WebserviceACU\"
		DefaultWebSiteLanguage = "Visual C#"
	EndProjectSection
EndProject
Global
	GlobalSection(SolutionConfigurationPlatforms) = preSolution
		Debug|Any CPU = Debug|Any CPU
	EndGlobalSection
	GlobalSection(ProjectConfigurationPlatforms) = postSolution
		{D7F5D005-36AB-444B-AD7D-99BD819E7AA7}.Debug|Any CPU.ActiveCfg = Debug|Any CPU
		{D7F5D005-36AB-444B-AD7D-99BD819E7AA7}.Debug|Any CPU.Build.0 = Debug|Any CPU
	EndGlobalSection
	GlobalSection(SolutionProperties) = preSolution
		HideSolutionNode = FALSE
	EndGlobalSection
	GlobalSection(ExtensibilityGlobals) = postSolution
		SolutionGuid = {7443E9D0-A0BF-47E1-A3D2-A0A35782D06B}
	EndGlobalSection
EndGlobal
